// !$*UTF8*$!
{
	archiveVersion = 1;
	classes = {
	};
	objectVersion = 46;
	objects = {

/* Begin PBXBuildFile section */
		15DCDBA3165E739E00B77919 /* navbarTiled.png in Resources */ = {isa = PBXBuildFile; fileRef = 15DCDBA1165E739E00B77919 /* navbarTiled.png */; };
		15DCDBA4165E739E00B77919 /* navbar.png in Resources */ = {isa = PBXBuildFile; fileRef = 15DCDBA2165E739E00B77919 /* navbar.png */; };
		4CD19B09165A57CC00E78B7E /* UIKit.framework in Frameworks */ = {isa = PBXBuildFile; fileRef = 4CD19B08165A57CC00E78B7E /* UIKit.framework */; };
		4CD19B0B165A57CC00E78B7E /* Foundation.framework in Frameworks */ = {isa = PBXBuildFile; fileRef = 4CD19B0A165A57CC00E78B7E /* Foundation.framework */; };
		4CD19B0D165A57CC00E78B7E /* CoreGraphics.framework in Frameworks */ = {isa = PBXBuildFile; fileRef = 4CD19B0C165A57CC00E78B7E /* CoreGraphics.framework */; };
		4CD19B13165A57CC00E78B7E /* InfoPlist.strings in Resources */ = {isa = PBXBuildFile; fileRef = 4CD19B11165A57CC00E78B7E /* InfoPlist.strings */; };
		4CD19B15165A57CC00E78B7E /* main.m in Sources */ = {isa = PBXBuildFile; fileRef = 4CD19B14165A57CC00E78B7E /* main.m */; };
		4CD19B19165A57CC00E78B7E /* AppDelegate.m in Sources */ = {isa = PBXBuildFile; fileRef = 4CD19B18165A57CC00E78B7E /* AppDelegate.m */; };
		4CD19B1B165A57CC00E78B7E /* Default.png in Resources */ = {isa = PBXBuildFile; fileRef = 4CD19B1A165A57CC00E78B7E /* Default.png */; };
		4CD19B1D165A57CC00E78B7E /* Default@2x.png in Resources */ = {isa = PBXBuildFile; fileRef = 4CD19B1C165A57CC00E78B7E /* Default@2x.png */; };
		4CD19B1F165A57CC00E78B7E /* Default-568h@2x.png in Resources */ = {isa = PBXBuildFile; fileRef = 4CD19B1E165A57CC00E78B7E /* Default-568h@2x.png */; };
		4CD19B22165A57CC00E78B7E /* MasterViewController.m in Sources */ = {isa = PBXBuildFile; fileRef = 4CD19B21165A57CC00E78B7E /* MasterViewController.m */; };
		4CD19B25165A57CC00E78B7E /* DetailViewController.m in Sources */ = {isa = PBXBuildFile; fileRef = 4CD19B24165A57CC00E78B7E /* DetailViewController.m */; };
		4CD19B28165A57CC00E78B7E /* MasterViewController_iPhone.xib in Resources */ = {isa = PBXBuildFile; fileRef = 4CD19B26165A57CC00E78B7E /* MasterViewController_iPhone.xib */; };
		4CD19B2B165A57CC00E78B7E /* MasterViewController_iPad.xib in Resources */ = {isa = PBXBuildFile; fileRef = 4CD19B29165A57CC00E78B7E /* MasterViewController_iPad.xib */; };
		4CD19B2E165A57CC00E78B7E /* DetailViewController_iPhone.xib in Resources */ = {isa = PBXBuildFile; fileRef = 4CD19B2C165A57CC00E78B7E /* DetailViewController_iPhone.xib */; };
		4CD19B31165A57CC00E78B7E /* DetailViewController_iPad.xib in Resources */ = {isa = PBXBuildFile; fileRef = 4CD19B2F165A57CC00E78B7E /* DetailViewController_iPad.xib */; };
		4CD19B38165A584200E78B7E /* test03.jpg in Resources */ = {isa = PBXBuildFile; fileRef = 4CD19B37165A584200E78B7E /* test03.jpg */; };
		4CD19B47165A5E0900E78B7E /* test01.jpg in Resources */ = {isa = PBXBuildFile; fileRef = 4CD19B41165A5E0800E78B7E /* test01.jpg */; };
		4CD19B48165A5E0900E78B7E /* test02.jpg in Resources */ = {isa = PBXBuildFile; fileRef = 4CD19B42165A5E0800E78B7E /* test02.jpg */; };
		4CD19B49165A5E0900E78B7E /* test04.jpg in Resources */ = {isa = PBXBuildFile; fileRef = 4CD19B43165A5E0800E78B7E /* test04.jpg */; };
		4CD19B4A165A5E0900E78B7E /* test05.jpg in Resources */ = {isa = PBXBuildFile; fileRef = 4CD19B44165A5E0900E78B7E /* test05.jpg */; };
		4CD19B4B165A5E0900E78B7E /* test06.jpg in Resources */ = {isa = PBXBuildFile; fileRef = 4CD19B45165A5E0900E78B7E /* test06.jpg */; };
		4CD19B4C165A5E0900E78B7E /* test07.jpg in Resources */ = {isa = PBXBuildFile; fileRef = 4CD19B46165A5E0900E78B7E /* test07.jpg */; };
		4CD19B56165A692E00E78B7E /* bar_back_01_44s.jpg in Resources */ = {isa = PBXBuildFile; fileRef = 4CD19B4F165A692900E78B7E /* bar_back_01_44s.jpg */; };
		4CD19B57165A692E00E78B7E /* bar_back_02_44.jpg in Resources */ = {isa = PBXBuildFile; fileRef = 4CD19B50165A692900E78B7E /* bar_back_02_44.jpg */; };
		4CD19B58165A692E00E78B7E /* bar_back_03_44s.jpg in Resources */ = {isa = PBXBuildFile; fileRef = 4CD19B51165A692A00E78B7E /* bar_back_03_44s.jpg */; };
		4CD19B59165A692E00E78B7E /* bar_back_04_44s.jpg in Resources */ = {isa = PBXBuildFile; fileRef = 4CD19B52165A692B00E78B7E /* bar_back_04_44s.jpg */; };
		4CD19B5A165A692E00E78B7E /* bar_back_05_44s.jpg in Resources */ = {isa = PBXBuildFile; fileRef = 4CD19B53165A692B00E78B7E /* bar_back_05_44s.jpg */; };
		4CD19B5B165A692E00E78B7E /* bar_back_06_44s.jpg in Resources */ = {isa = PBXBuildFile; fileRef = 4CD19B54165A692D00E78B7E /* bar_back_06_44s.jpg */; };
		4CD19B5C165A692E00E78B7E /* bar_back_07_44s.jpg in Resources */ = {isa = PBXBuildFile; fileRef = 4CD19B55165A692D00E78B7E /* bar_back_07_44s.jpg */; };
		4CD19B60165A6B1800E78B7E /* MRCustomTableVIewCell.m in Sources */ = {isa = PBXBuildFile; fileRef = 4CD19B5E165A6B1600E78B7E /* MRCustomTableVIewCell.m */; };
		4CD19B61165A6B1800E78B7E /* MRCustomTableViewCell.xib in Resources */ = {isa = PBXBuildFile; fileRef = 4CD19B5F165A6B1700E78B7E /* MRCustomTableViewCell.xib */; };
		4CD19B64165A6B2800E78B7E /* ramka.png in Resources */ = {isa = PBXBuildFile; fileRef = 4CD19B62165A6B2700E78B7E /* ramka.png */; };
		4CD19B65165A6B2800E78B7E /* ramka@2x.png in Resources */ = {isa = PBXBuildFile; fileRef = 4CD19B63165A6B2800E78B7E /* ramka@2x.png */; };
		4CD80C7D165ECB0300ADBE23 /* QuartzCore.framework in Frameworks */ = {isa = PBXBuildFile; fileRef = 4CD80C7C165ECB0200ADBE23 /* QuartzCore.framework */; };
		4CFD5F4D165FA401009455FF /* back4detail.png in Resources */ = {isa = PBXBuildFile; fileRef = 4CFD5F4C165FA401009455FF /* back4detail.png */; };
/* End PBXBuildFile section */

/* Begin PBXFileReference section */
		15DCDBA1165E739E00B77919 /* navbarTiled.png */ = {isa = PBXFileReference; lastKnownFileType = image.png; path = navbarTiled.png; sourceTree = "<group>"; };
		15DCDBA2165E739E00B77919 /* navbar.png */ = {isa = PBXFileReference; lastKnownFileType = image.png; path = navbar.png; sourceTree = "<group>"; };
		4CD19B04165A57CC00E78B7E /* backgrounds.app */ = {isa = PBXFileReference; explicitFileType = wrapper.application; includeInIndex = 0; path = backgrounds.app; sourceTree = BUILT_PRODUCTS_DIR; };
		4CD19B08165A57CC00E78B7E /* UIKit.framework */ = {isa = PBXFileReference; lastKnownFileType = wrapper.framework; name = UIKit.framework; path = System/Library/Frameworks/UIKit.framework; sourceTree = SDKROOT; };
		4CD19B0A165A57CC00E78B7E /* Foundation.framework */ = {isa = PBXFileReference; lastKnownFileType = wrapper.framework; name = Foundation.framework; path = System/Library/Frameworks/Foundation.framework; sourceTree = SDKROOT; };
		4CD19B0C165A57CC00E78B7E /* CoreGraphics.framework */ = {isa = PBXFileReference; lastKnownFileType = wrapper.framework; name = CoreGraphics.framework; path = System/Library/Frameworks/CoreGraphics.framework; sourceTree = SDKROOT; };
		4CD19B10165A57CC00E78B7E /* backgrounds-Info.plist */ = {isa = PBXFileReference; lastKnownFileType = text.plist.xml; path = "backgrounds-Info.plist"; sourceTree = "<group>"; };
		4CD19B12165A57CC00E78B7E /* en */ = {isa = PBXFileReference; lastKnownFileType = text.plist.strings; name = en; path = en.lproj/InfoPlist.strings; sourceTree = "<group>"; };
		4CD19B14165A57CC00E78B7E /* main.m */ = {isa = PBXFileReference; lastKnownFileType = sourcecode.c.objc; path = main.m; sourceTree = "<group>"; };
		4CD19B16165A57CC00E78B7E /* backgrounds-Prefix.pch */ = {isa = PBXFileReference; lastKnownFileType = sourcecode.c.h; path = "backgrounds-Prefix.pch"; sourceTree = "<group>"; };
		4CD19B17165A57CC00E78B7E /* AppDelegate.h */ = {isa = PBXFileReference; lastKnownFileType = sourcecode.c.h; path = AppDelegate.h; sourceTree = "<group>"; };
		4CD19B18165A57CC00E78B7E /* AppDelegate.m */ = {isa = PBXFileReference; lastKnownFileType = sourcecode.c.objc; path = AppDelegate.m; sourceTree = "<group>"; };
		4CD19B1A165A57CC00E78B7E /* Default.png */ = {isa = PBXFileReference; lastKnownFileType = image.png; path = Default.png; sourceTree = "<group>"; };
		4CD19B1C165A57CC00E78B7E /* Default@2x.png */ = {isa = PBXFileReference; lastKnownFileType = image.png; path = "Default@2x.png"; sourceTree = "<group>"; };
		4CD19B1E165A57CC00E78B7E /* Default-568h@2x.png */ = {isa = PBXFileReference; lastKnownFileType = image.png; path = "Default-568h@2x.png"; sourceTree = "<group>"; };
		4CD19B20165A57CC00E78B7E /* MasterViewController.h */ = {isa = PBXFileReference; lastKnownFileType = sourcecode.c.h; path = MasterViewController.h; sourceTree = "<group>"; };
		4CD19B21165A57CC00E78B7E /* MasterViewController.m */ = {isa = PBXFileReference; lastKnownFileType = sourcecode.c.objc; path = MasterViewController.m; sourceTree = "<group>"; };
		4CD19B23165A57CC00E78B7E /* DetailViewController.h */ = {isa = PBXFileReference; lastKnownFileType = sourcecode.c.h; path = DetailViewController.h; sourceTree = "<group>"; };
		4CD19B24165A57CC00E78B7E /* DetailViewController.m */ = {isa = PBXFileReference; lastKnownFileType = sourcecode.c.objc; path = DetailViewController.m; sourceTree = "<group>"; };
		4CD19B27165A57CC00E78B7E /* en */ = {isa = PBXFileReference; lastKnownFileType = file.xib; name = en; path = en.lproj/MasterViewController_iPhone.xib; sourceTree = "<group>"; };
		4CD19B2A165A57CC00E78B7E /* en */ = {isa = PBXFileReference; lastKnownFileType = file.xib; name = en; path = en.lproj/MasterViewController_iPad.xib; sourceTree = "<group>"; };
		4CD19B2D165A57CC00E78B7E /* en */ = {isa = PBXFileReference; lastKnownFileType = file.xib; name = en; path = en.lproj/DetailViewController_iPhone.xib; sourceTree = "<group>"; };
		4CD19B30165A57CC00E78B7E /* en */ = {isa = PBXFileReference; lastKnownFileType = file.xib; name = en; path = en.lproj/DetailViewController_iPad.xib; sourceTree = "<group>"; };
		4CD19B37165A584200E78B7E /* test03.jpg */ = {isa = PBXFileReference; lastKnownFileType = image.jpeg; path = test03.jpg; sourceTree = "<group>"; };
		4CD19B41165A5E0800E78B7E /* test01.jpg */ = {isa = PBXFileReference; lastKnownFileType = image.jpeg; path = test01.jpg; sourceTree = "<group>"; };
		4CD19B42165A5E0800E78B7E /* test02.jpg */ = {isa = PBXFileReference; lastKnownFileType = image.jpeg; path = test02.jpg; sourceTree = "<group>"; };
		4CD19B43165A5E0800E78B7E /* test04.jpg */ = {isa = PBXFileReference; lastKnownFileType = image.jpeg; path = test04.jpg; sourceTree = "<group>"; };
		4CD19B44165A5E0900E78B7E /* test05.jpg */ = {isa = PBXFileReference; lastKnownFileType = image.jpeg; path = test05.jpg; sourceTree = "<group>"; };
		4CD19B45165A5E0900E78B7E /* test06.jpg */ = {isa = PBXFileReference; lastKnownFileType = image.jpeg; path = test06.jpg; sourceTree = "<group>"; };
		4CD19B46165A5E0900E78B7E /* test07.jpg */ = {isa = PBXFileReference; lastKnownFileType = image.jpeg; path = test07.jpg; sourceTree = "<group>"; };
		4CD19B4F165A692900E78B7E /* bar_back_01_44s.jpg */ = {isa = PBXFileReference; lastKnownFileType = image.jpeg; path = bar_back_01_44s.jpg; sourceTree = "<group>"; };
		4CD19B50165A692900E78B7E /* bar_back_02_44.jpg */ = {isa = PBXFileReference; lastKnownFileType = image.jpeg; path = bar_back_02_44.jpg; sourceTree = "<group>"; };
		4CD19B51165A692A00E78B7E /* bar_back_03_44s.jpg */ = {isa = PBXFileReference; lastKnownFileType = image.jpeg; path = bar_back_03_44s.jpg; sourceTree = "<group>"; };
		4CD19B52165A692B00E78B7E /* bar_back_04_44s.jpg */ = {isa = PBXFileReference; lastKnownFileType = image.jpeg; path = bar_back_04_44s.jpg; sourceTree = "<group>"; };
		4CD19B53165A692B00E78B7E /* bar_back_05_44s.jpg */ = {isa = PBXFileReference; lastKnownFileType = image.jpeg; path = bar_back_05_44s.jpg; sourceTree = "<group>"; };
		4CD19B54165A692D00E78B7E /* bar_back_06_44s.jpg */ = {isa = PBXFileReference; lastKnownFileType = image.jpeg; path = bar_back_06_44s.jpg; sourceTree = "<group>"; };
		4CD19B55165A692D00E78B7E /* bar_back_07_44s.jpg */ = {isa = PBXFileReference; lastKnownFileType = image.jpeg; path = bar_back_07_44s.jpg; sourceTree = "<group>"; };
		4CD19B5D165A6B1600E78B7E /* MRCustomTableVIewCell.h */ = {isa = PBXFileReference; fileEncoding = 4; lastKnownFileType = sourcecode.c.h; path = MRCustomTableVIewCell.h; sourceTree = "<group>"; };
		4CD19B5E165A6B1600E78B7E /* MRCustomTableVIewCell.m */ = {isa = PBXFileReference; fileEncoding = 4; lastKnownFileType = sourcecode.c.objc; path = MRCustomTableVIewCell.m; sourceTree = "<group>"; };
		4CD19B5F165A6B1700E78B7E /* MRCustomTableViewCell.xib */ = {isa = PBXFileReference; fileEncoding = 4; lastKnownFileType = file.xib; path = MRCustomTableViewCell.xib; sourceTree = "<group>"; };
		4CD19B62165A6B2700E78B7E /* ramka.png */ = {isa = PBXFileReference; lastKnownFileType = image.png; path = ramka.png; sourceTree = "<group>"; };
		4CD19B63165A6B2800E78B7E /* ramka@2x.png */ = {isa = PBXFileReference; lastKnownFileType = image.png; path = "ramka@2x.png"; sourceTree = "<group>"; };
		4CD80C7C165ECB0200ADBE23 /* QuartzCore.framework */ = {isa = PBXFileReference; lastKnownFileType = wrapper.framework; name = QuartzCore.framework; path = System/Library/Frameworks/QuartzCore.framework; sourceTree = SDKROOT; };
		4CFD5F4C165FA401009455FF /* back4detail.png */ = {isa = PBXFileReference; lastKnownFileType = image.png; path = back4detail.png; sourceTree = "<group>"; };
/* End PBXFileReference section */

/* Begin PBXFrameworksBuildPhase section */
		4CD19B01165A57CC00E78B7E /* Frameworks */ = {
			isa = PBXFrameworksBuildPhase;
			buildActionMask = 2147483647;
			files = (
				4CD80C7D165ECB0300ADBE23 /* QuartzCore.framework in Frameworks */,
				4CD19B09165A57CC00E78B7E /* UIKit.framework in Frameworks */,
				4CD19B0B165A57CC00E78B7E /* Foundation.framework in Frameworks */,
				4CD19B0D165A57CC00E78B7E /* CoreGraphics.framework in Frameworks */,
			);
			runOnlyForDeploymentPostprocessing = 0;
		};
/* End PBXFrameworksBuildPhase section */

/* Begin PBXGroup section */
		4CD19AF9165A57CC00E78B7E = {
			isa = PBXGroup;
			children = (
				4CD19B0E165A57CC00E78B7E /* backgrounds */,
				4CD19B07165A57CC00E78B7E /* Frameworks */,
				4CD19B05165A57CC00E78B7E /* Products */,
			);
			sourceTree = "<group>";
		};
		4CD19B05165A57CC00E78B7E /* Products */ = {
			isa = PBXGroup;
			children = (
				4CD19B04165A57CC00E78B7E /* backgrounds.app */,
			);
			name = Products;
			sourceTree = "<group>";
		};
		4CD19B07165A57CC00E78B7E /* Frameworks */ = {
			isa = PBXGroup;
			children = (
				4CD80C7C165ECB0200ADBE23 /* QuartzCore.framework */,
				4CD19B08165A57CC00E78B7E /* UIKit.framework */,
				4CD19B0A165A57CC00E78B7E /* Foundation.framework */,
				4CD19B0C165A57CC00E78B7E /* CoreGraphics.framework */,
			);
			name = Frameworks;
			sourceTree = "<group>";
		};
		4CD19B0E165A57CC00E78B7E /* backgrounds */ = {
			isa = PBXGroup;
			children = (
				4CFD5F4C165FA401009455FF /* back4detail.png */,
				15DCDBA1165E739E00B77919 /* navbarTiled.png */,
				15DCDBA2165E739E00B77919 /* navbar.png */,
				4CD19B62165A6B2700E78B7E /* ramka.png */,
				4CD19B63165A6B2800E78B7E /* ramka@2x.png */,
				4CD19B41165A5E0800E78B7E /* test01.jpg */,
				4CD19B42165A5E0800E78B7E /* test02.jpg */,
				4CD19B43165A5E0800E78B7E /* test04.jpg */,
				4CD19B44165A5E0900E78B7E /* test05.jpg */,
				4CD19B45165A5E0900E78B7E /* test06.jpg */,
				4CD19B46165A5E0900E78B7E /* test07.jpg */,
				4CD19B37165A584200E78B7E /* test03.jpg */,
				4CD19B4F165A692900E78B7E /* bar_back_01_44s.jpg */,
				4CD19B50165A692900E78B7E /* bar_back_02_44.jpg */,
				4CD19B51165A692A00E78B7E /* bar_back_03_44s.jpg */,
				4CD19B52165A692B00E78B7E /* bar_back_04_44s.jpg */,
				4CD19B53165A692B00E78B7E /* bar_back_05_44s.jpg */,
				4CD19B54165A692D00E78B7E /* bar_back_06_44s.jpg */,
				4CD19B55165A692D00E78B7E /* bar_back_07_44s.jpg */,
				4CD19B17165A57CC00E78B7E /* AppDelegate.h */,
				4CD19B18165A57CC00E78B7E /* AppDelegate.m */,
				4CD19B20165A57CC00E78B7E /* MasterViewController.h */,
				4CD19B21165A57CC00E78B7E /* MasterViewController.m */,
				4CD19B23165A57CC00E78B7E /* DetailViewController.h */,
				4CD19B24165A57CC00E78B7E /* DetailViewController.m */,
				4CD19B26165A57CC00E78B7E /* MasterViewController_iPhone.xib */,
				4CD19B29165A57CC00E78B7E /* MasterViewController_iPad.xib */,
				4CD19B2C165A57CC00E78B7E /* DetailViewController_iPhone.xib */,
				4CD19B2F165A57CC00E78B7E /* DetailViewController_iPad.xib */,
				4CD19B5D165A6B1600E78B7E /* MRCustomTableVIewCell.h */,
				4CD19B5E165A6B1600E78B7E /* MRCustomTableVIewCell.m */,
				4CD19B5F165A6B1700E78B7E /* MRCustomTableViewCell.xib */,
				4CD19B0F165A57CC00E78B7E /* Supporting Files */,
			);
			path = backgrounds;
			sourceTree = "<group>";
		};
		4CD19B0F165A57CC00E78B7E /* Supporting Files */ = {
			isa = PBXGroup;
			children = (
				4CD19B10165A57CC00E78B7E /* backgrounds-Info.plist */,
				4CD19B11165A57CC00E78B7E /* InfoPlist.strings */,
				4CD19B14165A57CC00E78B7E /* main.m */,
				4CD19B16165A57CC00E78B7E /* backgrounds-Prefix.pch */,
				4CD19B1A165A57CC00E78B7E /* Default.png */,
				4CD19B1C165A57CC00E78B7E /* Default@2x.png */,
				4CD19B1E165A57CC00E78B7E /* Default-568h@2x.png */,
			);
			name = "Supporting Files";
			sourceTree = "<group>";
		};
/* End PBXGroup section */

/* Begin PBXNativeTarget section */
		4CD19B03165A57CC00E78B7E /* backgrounds */ = {
			isa = PBXNativeTarget;
			buildConfigurationList = 4CD19B34165A57CC00E78B7E /* Build configuration list for PBXNativeTarget "backgrounds" */;
			buildPhases = (
				4CD19B00165A57CC00E78B7E /* Sources */,
				4CD19B01165A57CC00E78B7E /* Frameworks */,
				4CD19B02165A57CC00E78B7E /* Resources */,
			);
			buildRules = (
			);
			dependencies = (
			);
			name = backgrounds;
			productName = backgrounds;
			productReference = 4CD19B04165A57CC00E78B7E /* backgrounds.app */;
			productType = "com.apple.product-type.application";
		};
/* End PBXNativeTarget section */

/* Begin PBXProject section */
		4CD19AFB165A57CC00E78B7E /* Project object */ = {
			isa = PBXProject;
			attributes = {
				LastUpgradeCheck = 0450;
				ORGANIZATIONNAME = mikeapphouse;
			};
			buildConfigurationList = 4CD19AFE165A57CC00E78B7E /* Build configuration list for PBXProject "backgrounds" */;
			compatibilityVersion = "Xcode 3.2";
			developmentRegion = English;
			hasScannedForEncodings = 0;
			knownRegions = (
				en,
			);
			mainGroup = 4CD19AF9165A57CC00E78B7E;
			productRefGroup = 4CD19B05165A57CC00E78B7E /* Products */;
			projectDirPath = "";
			projectRoot = "";
			targets = (
				4CD19B03165A57CC00E78B7E /* backgrounds */,
			);
		};
/* End PBXProject section */

/* Begin PBXResourcesBuildPhase section */
		4CD19B02165A57CC00E78B7E /* Resources */ = {
			isa = PBXResourcesBuildPhase;
			buildActionMask = 2147483647;
			files = (
				4CD19B13165A57CC00E78B7E /* InfoPlist.strings in Resources */,
				4CD19B1B165A57CC00E78B7E /* Default.png in Resources */,
				4CD19B1D165A57CC00E78B7E /* Default@2x.png in Resources */,
				4CD19B1F165A57CC00E78B7E /* Default-568h@2x.png in Resources */,
				4CD19B28165A57CC00E78B7E /* MasterViewController_iPhone.xib in Resources */,
				4CD19B2B165A57CC00E78B7E /* MasterViewController_iPad.xib in Resources */,
				4CD19B2E165A57CC00E78B7E /* DetailViewController_iPhone.xib in Resources */,
				4CD19B31165A57CC00E78B7E /* DetailViewController_iPad.xib in Resources */,
				4CD19B38165A584200E78B7E /* test03.jpg in Resources */,
				4CD19B47165A5E0900E78B7E /* test01.jpg in Resources */,
				4CD19B48165A5E0900E78B7E /* test02.jpg in Resources */,
				4CD19B49165A5E0900E78B7E /* test04.jpg in Resources */,
				4CD19B4A165A5E0900E78B7E /* test05.jpg in Resources */,
				4CD19B4B165A5E0900E78B7E /* test06.jpg in Resources */,
				4CD19B4C165A5E0900E78B7E /* test07.jpg in Resources */,
				4CD19B56165A692E00E78B7E /* bar_back_01_44s.jpg in Resources */,
				4CD19B57165A692E00E78B7E /* bar_back_02_44.jpg in Resources */,
				4CD19B58165A692E00E78B7E /* bar_back_03_44s.jpg in Resources */,
				4CD19B59165A692E00E78B7E /* bar_back_04_44s.jpg in Resources */,
				4CD19B5A165A692E00E78B7E /* bar_back_05_44s.jpg in Resources */,
				4CD19B5B165A692E00E78B7E /* bar_back_06_44s.jpg in Resources */,
				4CD19B5C165A692E00E78B7E /* bar_back_07_44s.jpg in Resources */,
				4CD19B61165A6B1800E78B7E /* MRCustomTableViewCell.xib in Resources */,
				4CD19B64165A6B2800E78B7E /* ramka.png in Resources */,
				4CD19B65165A6B2800E78B7E /* ramka@2x.png in Resources */,
				15DCDBA3165E739E00B77919 /* navbarTiled.png in Resources */,
				15DCDBA4165E739E00B77919 /* navbar.png in Resources */,
				4CFD5F4D165FA401009455FF /* back4detail.png in Resources */,
			);
			runOnlyForDeploymentPostprocessing = 0;
		};
/* End PBXResourcesBuildPhase section */

/* Begin PBXSourcesBuildPhase section */
		4CD19B00165A57CC00E78B7E /* Sources */ = {
			isa = PBXSourcesBuildPhase;
			buildActionMask = 2147483647;
			files = (
				4CD19B15165A57CC00E78B7E /* main.m in Sources */,
				4CD19B19165A57CC00E78B7E /* AppDelegate.m in Sources */,
				4CD19B22165A57CC00E78B7E /* MasterViewController.m in Sources */,
				4CD19B25165A57CC00E78B7E /* DetailViewController.m in Sources */,
				4CD19B60165A6B1800E78B7E /* MRCustomTableVIewCell.m in Sources */,
			);
			runOnlyForDeploymentPostprocessing = 0;
		};
/* End PBXSourcesBuildPhase section */

/* Begin PBXVariantGroup section */
		4CD19B11165A57CC00E78B7E /* InfoPlist.strings */ = {
			isa = PBXVariantGroup;
			children = (
				4CD19B12165A57CC00E78B7E /* en */,
			);
			name = InfoPlist.strings;
			sourceTree = "<group>";
		};
		4CD19B26165A57CC00E78B7E /* MasterViewController_iPhone.xib */ = {
			isa = PBXVariantGroup;
			children = (
				4CD19B27165A57CC00E78B7E /* en */,
			);
			name = MasterViewController_iPhone.xib;
			sourceTree = "<group>";
		};
		4CD19B29165A57CC00E78B7E /* MasterViewController_iPad.xib */ = {
			isa = PBXVariantGroup;
			children = (
				4CD19B2A165A57CC00E78B7E /* en */,
			);
			name = MasterViewController_iPad.xib;
			sourceTree = "<group>";
		};
		4CD19B2C165A57CC00E78B7E /* DetailViewController_iPhone.xib */ = {
			isa = PBXVariantGroup;
			children = (
				4CD19B2D165A57CC00E78B7E /* en */,
			);
			name = DetailViewController_iPhone.xib;
			sourceTree = "<group>";
		};
		4CD19B2F165A57CC00E78B7E /* DetailViewController_iPad.xib */ = {
			isa = PBXVariantGroup;
			children = (
				4CD19B30165A57CC00E78B7E /* en */,
			);
			name = DetailViewController_iPad.xib;
			sourceTree = "<group>";
		};
/* End PBXVariantGroup section */

/* Begin XCBuildConfiguration section */
		4CD19B32165A57CC00E78B7E /* Debug */ = {
			isa = XCBuildConfiguration;
			buildSettings = {
				ALWAYS_SEARCH_USER_PATHS = NO;
				CLANG_CXX_LANGUAGE_STANDARD = "gnu++0x";
				CLANG_CXX_LIBRARY = "libc++";
				CLANG_ENABLE_OBJC_ARC = YES;
				CLANG_WARN_EMPTY_BODY = YES;
				CLANG_WARN__DUPLICATE_METHOD_MATCH = YES;
				"CODE_SIGN_IDENTITY[sdk=iphoneos*]" = "iPhone Developer";
				COPY_PHASE_STRIP = NO;
				GCC_C_LANGUAGE_STANDARD = gnu99;
				GCC_DYNAMIC_NO_PIC = NO;
				GCC_OPTIMIZATION_LEVEL = 0;
				GCC_PREPROCESSOR_DEFINITIONS = (
					"DEBUG=1",
					"$(inherited)",
				);
				GCC_SYMBOLS_PRIVATE_EXTERN = NO;
				GCC_WARN_ABOUT_RETURN_TYPE = YES;
				GCC_WARN_UNINITIALIZED_AUTOS = YES;
				GCC_WARN_UNUSED_VARIABLE = YES;
				IPHONEOS_DEPLOYMENT_TARGET = 5.0;
				ONLY_ACTIVE_ARCH = YES;
				SDKROOT = iphoneos;
				TARGETED_DEVICE_FAMILY = "1,2";
			};
			name = Debug;
		};
		4CD19B33165A57CC00E78B7E /* Release */ = {
			isa = XCBuildConfiguration;
			buildSettings = {
				ALWAYS_SEARCH_USER_PATHS = NO;
				CLANG_CXX_LANGUAGE_STANDARD = "gnu++0x";
				CLANG_CXX_LIBRARY = "libc++";
				CLANG_ENABLE_OBJC_ARC = YES;
				CLANG_WARN_EMPTY_BODY = YES;
				CLANG_WARN__DUPLICATE_METHOD_MATCH = YES;
				"CODE_SIGN_IDENTITY[sdk=iphoneos*]" = "iPhone Developer";
				COPY_PHASE_STRIP = YES;
				GCC_C_LANGUAGE_STANDARD = gnu99;
				GCC_WARN_ABOUT_RETURN_TYPE = YES;
				GCC_WARN_UNINITIALIZED_AUTOS = YES;
				GCC_WARN_UNUSED_VARIABLE = YES;
				IPHONEOS_DEPLOYMENT_TARGET = 5.0;
				OTHER_CFLAGS = "-DNS_BLOCK_ASSERTIONS=1";
				SDKROOT = iphoneos;
				TARGETED_DEVICE_FAMILY = "1,2";
				VALIDATE_PRODUCT = YES;
			};
			name = Release;
		};
		4CD19B35165A57CC00E78B7E /* Debug */ = {
			isa = XCBuildConfiguration;
			buildSettings = {
				GCC_PRECOMPILE_PREFIX_HEADER = YES;
				GCC_PREFIX_HEADER = "backgrounds/backgrounds-Prefix.pch";
				INFOPLIST_FILE = "backgrounds/backgrounds-Info.plist";
				IPHONEOS_DEPLOYMENT_TARGET = 5.0;
				PRODUCT_NAME = "$(TARGET_NAME)";
				WRAPPER_EXTENSION = app;
			};
			name = Debug;
		};
		4CD19B36165A57CC00E78B7E /* Release */ = {
			isa = XCBuildConfiguration;
			buildSettings = {
				GCC_PRECOMPILE_PREFIX_HEADER = YES;
				GCC_PREFIX_HEADER = "backgrounds/backgrounds-Prefix.pch";
				INFOPLIST_FILE = "backgrounds/backgrounds-Info.plist";
				IPHONEOS_DEPLOYMENT_TARGET = 5.0;
				PRODUCT_NAME = "$(TARGET_NAME)";
				WRAPPER_EXTENSION = app;
			};
			name = Release;
		};
/* End XCBuildConfiguration section */

/* Begin XCConfigurationList section */
		4CD19AFE165A57CC00E78B7E /* Build configuration list for PBXProject "backgrounds" */ = {
			isa = XCConfigurationList;
			buildConfigurations = (
				4CD19B32165A57CC00E78B7E /* Debug */,
				4CD19B33165A57CC00E78B7E /* Release */,
			);
			defaultConfigurationIsVisible = 0;
			defaultConfigurationName = Release;
		};
		4CD19B34165A57CC00E78B7E /* Build configuration list for PBXNativeTarget "backgrounds" */ = {
			isa = XCConfigurationList;
			buildConfigurations = (
				4CD19B35165A57CC00E78B7E /* Debug */,
				4CD19B36165A57CC00E78B7E /* Release */,
			);
			defaultConfigurationIsVisible = 0;
			defaultConfigurationName = Release;
		};
/* End XCConfigurationList section */
	};
	rootObject = 4CD19AFB165A57CC00E78B7E /* Project object */;
}
